
Microsoft Visual Studio Solution File, Format Version 12.00
# Visual Studio Version 16
VisualStudioVersion = 16.0.32407.337
MinimumVisualStudioVersion = 10.0.40219.1
Project("{8BC9CEB8-8B4A-11D0-8D11-00A0C91BC942}") = "C_HomeWork", "C_HomeWork.vcxproj", "{AB7DB380-4190-43EA-B39E-39BB79597A98}"
EndProject
Global
	GlobalSection(SolutionConfigurationPlatforms) = preSolution
		Debug|x64 = Debug|x64
		Debug|x86 = Debug|x86
		Release|x64 = Release|x64
		Release|x86 = Release|x86
	EndGlobalSection
	GlobalSection(ProjectConfigurationPlatforms) = postSolution
		{AB7DB380-4190-43EA-B39E-39BB79597A98}.Debug|x64.ActiveCfg = Debug|x64
		{AB7DB380-4190-43EA-B39E-39BB79597A98}.Debug|x64.Build.0 = Debug|x64
		{AB7DB380-4190-43EA-B39E-39BB79597A98}.Debug|x86.ActiveCfg = Debug|Win32
		{AB7DB380-4190-43EA-B39E-39BB79597A98}.Debug|x86.Build.0 = Debug|Win32
		{AB7DB380-4190-43EA-B39E-39BB79597A98}.Release|x64.ActiveCfg = Release|x64
		{AB7DB380-4190-43EA-B39E-39BB79597A98}.Release|x64.Build.0 = Release|x64
		{AB7DB380-4190-43EA-B39E-39BB79597A98}.Release|x86.ActiveCfg = Release|Win32
		{AB7DB380-4190-43EA-B39E-39BB79597A98}.Release|x86.Build.0 = Release|Win32
	EndGlobalSection
	GlobalSection(SolutionProperties) = preSolution
		HideSolutionNode = FALSE
	EndGlobalSection
	GlobalSection(ExtensibilityGlobals) = postSolution
		SolutionGuid = {625E7BFC-1BD7-4257-BEA8-D65128500775}
	EndGlobalSection
EndGlobal
